// !$*UTF8*$!
{
	archiveVersion = 1;
	classes = {
	};
	objectVersion = 56;
	objects = {

/* Begin PBXBuildFile section */
		9EAE6E192BCD49F200756427 /* AppDelegate.swift in Sources */ = {isa = PBXBuildFile; fileRef = 9EAE6E182BCD49F200756427 /* AppDelegate.swift */; };
		9EAE6E1B2BCD49F200756427 /* SceneDelegate.swift in Sources */ = {isa = PBXBuildFile; fileRef = 9EAE6E1A2BCD49F200756427 /* SceneDelegate.swift */; };
		9EAE6E1D2BCD49F200756427 /* ViewController.swift in Sources */ = {isa = PBXBuildFile; fileRef = 9EAE6E1C2BCD49F200756427 /* ViewController.swift */; };
		9EAE6E202BCD49F200756427 /* Main.storyboard in Resources */ = {isa = PBXBuildFile; fileRef = 9EAE6E1E2BCD49F200756427 /* Main.storyboard */; };
		9EAE6E222BCD49F200756427 /* Assets.xcassets in Resources */ = {isa = PBXBuildFile; fileRef = 9EAE6E212BCD49F200756427 /* Assets.xcassets */; };
		9EAE6E252BCD49F200756427 /* LaunchScreen.storyboard in Resources */ = {isa = PBXBuildFile; fileRef = 9EAE6E232BCD49F200756427 /* LaunchScreen.storyboard */; };
		9EAE6E352BCD521200756427 /* NewsModel.swift in Sources */ = {isa = PBXBuildFile; fileRef = 9EAE6E342BCD521200756427 /* NewsModel.swift */; };
		9EAE6E372BCD523A00756427 /* NewsViewModel.swift in Sources */ = {isa = PBXBuildFile; fileRef = 9EAE6E362BCD523A00756427 /* NewsViewModel.swift */; };
		9EAE6E3A2BCD52E600756427 /* Constants.swift in Sources */ = {isa = PBXBuildFile; fileRef = 9EAE6E392BCD52E600756427 /* Constants.swift */; };
		9EAE6E3D2BCD536800756427 /* APIManager.swift in Sources */ = {isa = PBXBuildFile; fileRef = 9EAE6E3C2BCD536800756427 /* APIManager.swift */; };
		9EAE6E412BCD55EC00756427 /* NewsCollectionViewCell.swift in Sources */ = {isa = PBXBuildFile; fileRef = 9EAE6E402BCD55EC00756427 /* NewsCollectionViewCell.swift */; };
		9EAE6E442BCD61CB00756427 /* CustomImageView.swift in Sources */ = {isa = PBXBuildFile; fileRef = 9EAE6E432BCD61CB00756427 /* CustomImageView.swift */; };
/* End PBXBuildFile section */

/* Begin PBXFileReference section */
		9EAE6E152BCD49F200756427 /* ImageLoadingDemo.app */ = {isa = PBXFileReference; explicitFileType = wrapper.application; includeInIndex = 0; path = ImageLoadingDemo.app; sourceTree = BUILT_PRODUCTS_DIR; };
		9EAE6E182BCD49F200756427 /* AppDelegate.swift */ = {isa = PBXFileReference; lastKnownFileType = sourcecode.swift; path = AppDelegate.swift; sourceTree = "<group>"; };
		9EAE6E1A2BCD49F200756427 /* SceneDelegate.swift */ = {isa = PBXFileReference; lastKnownFileType = sourcecode.swift; path = SceneDelegate.swift; sourceTree = "<group>"; };
		9EAE6E1C2BCD49F200756427 /* ViewController.swift */ = {isa = PBXFileReference; lastKnownFileType = sourcecode.swift; path = ViewController.swift; sourceTree = "<group>"; };
		9EAE6E1F2BCD49F200756427 /* Base */ = {isa = PBXFileReference; lastKnownFileType = file.storyboard; name = Base; path = Base.lproj/Main.storyboard; sourceTree = "<group>"; };
		9EAE6E212BCD49F200756427 /* Assets.xcassets */ = {isa = PBXFileReference; lastKnownFileType = folder.assetcatalog; path = Assets.xcassets; sourceTree = "<group>"; };
		9EAE6E242BCD49F200756427 /* Base */ = {isa = PBXFileReference; lastKnownFileType = file.storyboard; name = Base; path = Base.lproj/LaunchScreen.storyboard; sourceTree = "<group>"; };
		9EAE6E262BCD49F300756427 /* Info.plist */ = {isa = PBXFileReference; lastKnownFileType = text.plist.xml; path = Info.plist; sourceTree = "<group>"; };
		9EAE6E342BCD521200756427 /* NewsModel.swift */ = {isa = PBXFileReference; lastKnownFileType = sourcecode.swift; path = NewsModel.swift; sourceTree = "<group>"; };
		9EAE6E362BCD523A00756427 /* NewsViewModel.swift */ = {isa = PBXFileReference; lastKnownFileType = sourcecode.swift; path = NewsViewModel.swift; sourceTree = "<group>"; };
		9EAE6E392BCD52E600756427 /* Constants.swift */ = {isa = PBXFileReference; lastKnownFileType = sourcecode.swift; path = Constants.swift; sourceTree = "<group>"; };
		9EAE6E3C2BCD536800756427 /* APIManager.swift */ = {isa = PBXFileReference; lastKnownFileType = sourcecode.swift; path = APIManager.swift; sourceTree = "<group>"; };
		9EAE6E402BCD55EC00756427 /* NewsCollectionViewCell.swift */ = {isa = PBXFileReference; lastKnownFileType = sourcecode.swift; path = NewsCollectionViewCell.swift; sourceTree = "<group>"; };
		9EAE6E432BCD61CB00756427 /* CustomImageView.swift */ = {isa = PBXFileReference; lastKnownFileType = sourcecode.swift; path = CustomImageView.swift; sourceTree = "<group>"; };
/* End PBXFileReference section */

/* Begin PBXFrameworksBuildPhase section */
		9EAE6E122BCD49F200756427 /* Frameworks */ = {
			isa = PBXFrameworksBuildPhase;
			buildActionMask = 2147483647;
			files = (
			);
			runOnlyForDeploymentPostprocessing = 0;
		};
/* End PBXFrameworksBuildPhase section */

/* Begin PBXGroup section */
		9EAE6E0C2BCD49F200756427 = {
			isa = PBXGroup;
			children = (
				9EAE6E172BCD49F200756427 /* ImageLoadingDemo */,
				9EAE6E162BCD49F200756427 /* Products */,
			);
			sourceTree = "<group>";
		};
		9EAE6E162BCD49F200756427 /* Products */ = {
			isa = PBXGroup;
			children = (
				9EAE6E152BCD49F200756427 /* ImageLoadingDemo.app */,
			);
			name = Products;
			sourceTree = "<group>";
		};
		9EAE6E172BCD49F200756427 /* ImageLoadingDemo */ = {
			isa = PBXGroup;
			children = (
				9EAE6E422BCD5A7500756427 /* Extensions */,
				9EAE6E382BCD52D900756427 /* Constants */,
				9EAE6E3B2BCD534C00756427 /* Services */,
				9EAE6E2E2BCD513D00756427 /* Application */,
				9EAE6E312BCD51BB00756427 /* Screens */,
				9EAE6E2D2BCD511A00756427 /* Storyboard */,
				9EAE6E2C2BCD50F500756427 /* Resurce */,
				9EAE6E262BCD49F300756427 /* Info.plist */,
			);
			path = ImageLoadingDemo;
			sourceTree = "<group>";
		};
		9EAE6E2C2BCD50F500756427 /* Resurce */ = {
			isa = PBXGroup;
			children = (
				9EAE6E212BCD49F200756427 /* Assets.xcassets */,
			);
			path = Resurce;
			sourceTree = "<group>";
		};
		9EAE6E2D2BCD511A00756427 /* Storyboard */ = {
			isa = PBXGroup;
			children = (
				9EAE6E1E2BCD49F200756427 /* Main.storyboard */,
				9EAE6E232BCD49F200756427 /* LaunchScreen.storyboard */,
			);
			path = Storyboard;
			sourceTree = "<group>";
		};
		9EAE6E2E2BCD513D00756427 /* Application */ = {
			isa = PBXGroup;
			children = (
				9EAE6E182BCD49F200756427 /* AppDelegate.swift */,
				9EAE6E1A2BCD49F200756427 /* SceneDelegate.swift */,
			);
			path = Application;
			sourceTree = "<group>";
		};
		9EAE6E2F2BCD515D00756427 /* ViewController */ = {
			isa = PBXGroup;
			children = (
				9EAE6E1C2BCD49F200756427 /* ViewController.swift */,
				9EAE6E402BCD55EC00756427 /* NewsCollectionViewCell.swift */,
			);
			path = ViewController;
			sourceTree = "<group>";
		};
		9EAE6E302BCD518100756427 /* View */ = {
			isa = PBXGroup;
			children = (
				9EAE6E2F2BCD515D00756427 /* ViewController */,
			);
			path = View;
			sourceTree = "<group>";
		};
		9EAE6E312BCD51BB00756427 /* Screens */ = {
			isa = PBXGroup;
			children = (
				9EAE6E322BCD51F700756427 /* Model */,
				9EAE6E302BCD518100756427 /* View */,
				9EAE6E332BCD51F700756427 /* ViewModel */,
			);
			path = Screens;
			sourceTree = "<group>";
		};
		9EAE6E322BCD51F700756427 /* Model */ = {
			isa = PBXGroup;
			children = (
				9EAE6E342BCD521200756427 /* NewsModel.swift */,
			);
			path = Model;
			sourceTree = "<group>";
		};
		9EAE6E332BCD51F700756427 /* ViewModel */ = {
			isa = PBXGroup;
			children = (
				9EAE6E362BCD523A00756427 /* NewsViewModel.swift */,
			);
			path = ViewModel;
			sourceTree = "<group>";
		};
		9EAE6E382BCD52D900756427 /* Constants */ = {
			isa = PBXGroup;
			children = (
				9EAE6E392BCD52E600756427 /* Constants.swift */,
			);
			path = Constants;
			sourceTree = "<group>";
		};
		9EAE6E3B2BCD534C00756427 /* Services */ = {
			isa = PBXGroup;
			children = (
				9EAE6E3C2BCD536800756427 /* APIManager.swift */,
			);
			path = Services;
			sourceTree = "<group>";
		};
		9EAE6E422BCD5A7500756427 /* Extensions */ = {
			isa = PBXGroup;
			children = (
				9EAE6E432BCD61CB00756427 /* CustomImageView.swift */,
			);
			path = Extensions;
			sourceTree = "<group>";
		};
/* End PBXGroup section */

/* Begin PBXNativeTarget section */
		9EAE6E142BCD49F200756427 /* ImageLoadingDemo */ = {
			isa = PBXNativeTarget;
			buildConfigurationList = 9EAE6E292BCD49F300756427 /* Build configuration list for PBXNativeTarget "ImageLoadingDemo" */;
			buildPhases = (
				9EAE6E112BCD49F200756427 /* Sources */,
				9EAE6E122BCD49F200756427 /* Frameworks */,
				9EAE6E132BCD49F200756427 /* Resources */,
			);
			buildRules = (
			);
			dependencies = (
			);
			name = ImageLoadingDemo;
			productName = ImageLoadingDemo;
			productReference = 9EAE6E152BCD49F200756427 /* ImageLoadingDemo.app */;
			productType = "com.apple.product-type.application";
		};
/* End PBXNativeTarget section */

/* Begin PBXProject section */
		9EAE6E0D2BCD49F200756427 /* Project object */ = {
			isa = PBXProject;
			attributes = {
				BuildIndependentTargetsInParallel = 1;
				LastSwiftUpdateCheck = 1430;
				LastUpgradeCheck = 1430;
				TargetAttributes = {
					9EAE6E142BCD49F200756427 = {
						CreatedOnToolsVersion = 14.3;
					};
				};
			};
			buildConfigurationList = 9EAE6E102BCD49F200756427 /* Build configuration list for PBXProject "ImageLoadingDemo" */;
			compatibilityVersion = "Xcode 14.0";
			developmentRegion = en;
			hasScannedForEncodings = 0;
			knownRegions = (
				en,
				Base,
			);
			mainGroup = 9EAE6E0C2BCD49F200756427;
			productRefGroup = 9EAE6E162BCD49F200756427 /* Products */;
			projectDirPath = "";
			projectRoot = "";
			targets = (
				9EAE6E142BCD49F200756427 /* ImageLoadingDemo */,
			);
		};
/* End PBXProject section */

/* Begin PBXResourcesBuildPhase section */
		9EAE6E132BCD49F200756427 /* Resources */ = {
			isa = PBXResourcesBuildPhase;
			buildActionMask = 2147483647;
			files = (
				9EAE6E252BCD49F200756427 /* LaunchScreen.storyboard in Resources */,
				9EAE6E222BCD49F200756427 /* Assets.xcassets in Resources */,
				9EAE6E202BCD49F200756427 /* Main.storyboard in Resources */,
			);
			runOnlyForDeploymentPostprocessing = 0;
		};
/* End PBXResourcesBuildPhase section */

/* Begin PBXSourcesBuildPhase section */
		9EAE6E112BCD49F200756427 /* Sources */ = {
			isa = PBXSourcesBuildPhase;
			buildActionMask = 2147483647;
			files = (
				9EAE6E352BCD521200756427 /* NewsModel.swift in Sources */,
				9EAE6E442BCD61CB00756427 /* CustomImageView.swift in Sources */,
				9EAE6E1D2BCD49F200756427 /* ViewController.swift in Sources */,
				9EAE6E372BCD523A00756427 /* NewsViewModel.swift in Sources */,
				9EAE6E412BCD55EC00756427 /* NewsCollectionViewCell.swift in Sources */,
				9EAE6E192BCD49F200756427 /* AppDelegate.swift in Sources */,
				9EAE6E1B2BCD49F200756427 /* SceneDelegate.swift in Sources */,
				9EAE6E3A2BCD52E600756427 /* Constants.swift in Sources */,
				9EAE6E3D2BCD536800756427 /* APIManager.swift in Sources */,
			);
			runOnlyForDeploymentPostprocessing = 0;
		};
/* End PBXSourcesBuildPhase section */

/* Begin PBXVariantGroup section */
		9EAE6E1E2BCD49F200756427 /* Main.storyboard */ = {
			isa = PBXVariantGroup;
			children = (
				9EAE6E1F2BCD49F200756427 /* Base */,
			);
			name = Main.storyboard;
			sourceTree = "<group>";
		};
		9EAE6E232BCD49F200756427 /* LaunchScreen.storyboard */ = {
			isa = PBXVariantGroup;
			children = (
				9EAE6E242BCD49F200756427 /* Base */,
			);
			name = LaunchScreen.storyboard;
			sourceTree = "<group>";
		};
/* End PBXVariantGroup section */

/* Begin XCBuildConfiguration section */
		9EAE6E272BCD49F300756427 /* Debug */ = {
			isa = XCBuildConfiguration;
			buildSettings = {
				ALWAYS_SEARCH_USER_PATHS = NO;
				CLANG_ANALYZER_NONNULL = YES;
				CLANG_ANALYZER_NUMBER_OBJECT_CONVERSION = YES_AGGRESSIVE;
				CLANG_CXX_LANGUAGE_STANDARD = "gnu++20";
				CLANG_ENABLE_MODULES = YES;
				CLANG_ENABLE_OBJC_ARC = YES;
				CLANG_ENABLE_OBJC_WEAK = YES;
				CLANG_WARN_BLOCK_CAPTURE_AUTORELEASING = YES;
				CLANG_WARN_BOOL_CONVERSION = YES;
				CLANG_WARN_COMMA = YES;
				CLANG_WARN_CONSTANT_CONVERSION = YES;
				CLANG_WARN_DEPRECATED_OBJC_IMPLEMENTATIONS = YES;
				CLANG_WARN_DIRECT_OBJC_ISA_USAGE = YES_ERROR;
				CLANG_WARN_DOCUMENTATION_COMMENTS = YES;
				CLANG_WARN_EMPTY_BODY = YES;
				CLANG_WARN_ENUM_CONVERSION = YES;
				CLANG_WARN_INFINITE_RECURSION = YES;
				CLANG_WARN_INT_CONVERSION = YES;
				CLANG_WARN_NON_LITERAL_NULL_CONVERSION = YES;
				CLANG_WARN_OBJC_IMPLICIT_RETAIN_SELF = YES;
				CLANG_WARN_OBJC_LITERAL_CONVERSION = YES;
				CLANG_WARN_OBJC_ROOT_CLASS = YES_ERROR;
				CLANG_WARN_QUOTED_INCLUDE_IN_FRAMEWORK_HEADER = YES;
				CLANG_WARN_RANGE_LOOP_ANALYSIS = YES;
				CLANG_WARN_STRICT_PROTOTYPES = YES;
				CLANG_WARN_SUSPICIOUS_MOVE = YES;
				CLANG_WARN_UNGUARDED_AVAILABILITY = YES_AGGRESSIVE;
				CLANG_WARN_UNREACHABLE_CODE = YES;
				CLANG_WARN__DUPLICATE_METHOD_MATCH = YES;
				COPY_PHASE_STRIP = NO;
				DEBUG_INFORMATION_FORMAT = dwarf;
				ENABLE_STRICT_OBJC_MSGSEND = YES;
				ENABLE_TESTABILITY = YES;
				GCC_C_LANGUAGE_STANDARD = gnu11;
				GCC_DYNAMIC_NO_PIC = NO;
				GCC_NO_COMMON_BLOCKS = YES;
				GCC_OPTIMIZATION_LEVEL = 0;
				GCC_PREPROCESSOR_DEFINITIONS = (
					"DEBUG=1",
					"$(inherited)",
				);
				GCC_WARN_64_TO_32_BIT_CONVERSION = YES;
				GCC_WARN_ABOUT_RETURN_TYPE = YES_ERROR;
				GCC_WARN_UNDECLARED_SELECTOR = YES;
				GCC_WARN_UNINITIALIZED_AUTOS = YES_AGGRESSIVE;
				GCC_WARN_UNUSED_FUNCTION = YES;
				GCC_WARN_UNUSED_VARIABLE = YES;
				IPHONEOS_DEPLOYMENT_TARGET = 16.4;
				MTL_ENABLE_DEBUG_INFO = INCLUDE_SOURCE;
				MTL_FAST_MATH = YES;
				ONLY_ACTIVE_ARCH = YES;
				SDKROOT = iphoneos;
				SWIFT_ACTIVE_COMPILATION_CONDITIONS = DEBUG;
				SWIFT_OPTIMIZATION_LEVEL = "-Onone";
			};
			name = Debug;
		};
		9EAE6E282BCD49F300756427 /* Release */ = {
			isa = XCBuildConfiguration;
			buildSettings = {
				ALWAYS_SEARCH_USER_PATHS = NO;
				CLANG_ANALYZER_NONNULL = YES;
				CLANG_ANALYZER_NUMBER_OBJECT_CONVERSION = YES_AGGRESSIVE;
				CLANG_CXX_LANGUAGE_STANDARD = "gnu++20";
				CLANG_ENABLE_MODULES = YES;
				CLANG_ENABLE_OBJC_ARC = YES;
				CLANG_ENABLE_OBJC_WEAK = YES;
				CLANG_WARN_BLOCK_CAPTURE_AUTORELEASING = YES;
				CLANG_WARN_BOOL_CONVERSION = YES;
				CLANG_WARN_COMMA = YES;
				CLANG_WARN_CONSTANT_CONVERSION = YES;
				CLANG_WARN_DEPRECATED_OBJC_IMPLEMENTATIONS = YES;
				CLANG_WARN_DIRECT_OBJC_ISA_USAGE = YES_ERROR;
				CLANG_WARN_DOCUMENTATION_COMMENTS = YES;
				CLANG_WARN_EMPTY_BODY = YES;
				CLANG_WARN_ENUM_CONVERSION = YES;
				CLANG_WARN_INFINITE_RECURSION = YES;
				CLANG_WARN_INT_CONVERSION = YES;
				CLANG_WARN_NON_LITERAL_NULL_CONVERSION = YES;
				CLANG_WARN_OBJC_IMPLICIT_RETAIN_SELF = YES;
				CLANG_WARN_OBJC_LITERAL_CONVERSION = YES;
				CLANG_WARN_OBJC_ROOT_CLASS = YES_ERROR;
				CLANG_WARN_QUOTED_INCLUDE_IN_FRAMEWORK_HEADER = YES;
				CLANG_WARN_RANGE_LOOP_ANALYSIS = YES;
				CLANG_WARN_STRICT_PROTOTYPES = YES;
				CLANG_WARN_SUSPICIOUS_MOVE = YES;
				CLANG_WARN_UNGUARDED_AVAILABILITY = YES_AGGRESSIVE;
				CLANG_WARN_UNREACHABLE_CODE = YES;
				CLANG_WARN__DUPLICATE_METHOD_MATCH = YES;
				COPY_PHASE_STRIP = NO;
				DEBUG_INFORMATION_FORMAT = "dwarf-with-dsym";
				ENABLE_NS_ASSERTIONS = NO;
				ENABLE_STRICT_OBJC_MSGSEND = YES;
				GCC_C_LANGUAGE_STANDARD = gnu11;
				GCC_NO_COMMON_BLOCKS = YES;
				GCC_WARN_64_TO_32_BIT_CONVERSION = YES;
				GCC_WARN_ABOUT_RETURN_TYPE = YES_ERROR;
				GCC_WARN_UNDECLARED_SELECTOR = YES;
				GCC_WARN_UNINITIALIZED_AUTOS = YES_AGGRESSIVE;
				GCC_WARN_UNUSED_FUNCTION = YES;
				GCC_WARN_UNUSED_VARIABLE = YES;
				IPHONEOS_DEPLOYMENT_TARGET = 16.4;
				MTL_ENABLE_DEBUG_INFO = NO;
				MTL_FAST_MATH = YES;
				SDKROOT = iphoneos;
				SWIFT_COMPILATION_MODE = wholemodule;
				SWIFT_OPTIMIZATION_LEVEL = "-O";
				VALIDATE_PRODUCT = YES;
			};
			name = Release;
		};
		9EAE6E2A2BCD49F300756427 /* Debug */ = {
			isa = XCBuildConfiguration;
			buildSettings = {
				ASSETCATALOG_COMPILER_APPICON_NAME = AppIcon;
				ASSETCATALOG_COMPILER_GLOBAL_ACCENT_COLOR_NAME = AccentColor;
				CODE_SIGN_STYLE = Automatic;
				CURRENT_PROJECT_VERSION = 1;
				GENERATE_INFOPLIST_FILE = YES;
				INFOPLIST_FILE = ImageLoadingDemo/Info.plist;
				INFOPLIST_KEY_UIApplicationSupportsIndirectInputEvents = YES;
				INFOPLIST_KEY_UILaunchStoryboardName = LaunchScreen;
				INFOPLIST_KEY_UIMainStoryboardFile = Main;
				INFOPLIST_KEY_UISupportedInterfaceOrientations_iPad = "UIInterfaceOrientationPortrait UIInterfaceOrientationPortraitUpsideDown UIInterfaceOrientationLandscapeLeft UIInterfaceOrientationLandscapeRight";
				INFOPLIST_KEY_UISupportedInterfaceOrientations_iPhone = "UIInterfaceOrientationPortrait UIInterfaceOrientationLandscapeLeft UIInterfaceOrientationLandscapeRight";
				LD_RUNPATH_SEARCH_PATHS = (
					"$(inherited)",
					"@executable_path/Frameworks",
				);
				MARKETING_VERSION = 1.0;
				PRODUCT_BUNDLE_IDENTIFIER = demo.ImageLoadingDemo;
				PRODUCT_NAME = "$(TARGET_NAME)";
				SUPPORTED_PLATFORMS = "iphoneos iphonesimulator";
				SUPPORTS_MACCATALYST = NO;
				SUPPORTS_MAC_DESIGNED_FOR_IPHONE_IPAD = NO;
				SWIFT_EMIT_LOC_STRINGS = YES;
				SWIFT_VERSION = 5.0;
				TARGETED_DEVICE_FAMILY = 1;
			};
			name = Debug;
		};
		9EAE6E2B2BCD49F300756427 /* Release */ = {
			isa = XCBuildConfiguration;
			buildSettings = {
				ASSETCATALOG_COMPILER_APPICON_NAME = AppIcon;
				ASSETCATALOG_COMPILER_GLOBAL_ACCENT_COLOR_NAME = AccentColor;
				CODE_SIGN_STYLE = Automatic;
				CURRENT_PROJECT_VERSION = 1;
				GENERATE_INFOPLIST_FILE = YES;
				INFOPLIST_FILE = ImageLoadingDemo/Info.plist;
				INFOPLIST_KEY_UIApplicationSupportsIndirectInputEvents = YES;
				INFOPLIST_KEY_UILaunchStoryboardName = LaunchScreen;
				INFOPLIST_KEY_UIMainStoryboardFile = Main;
				INFOPLIST_KEY_UISupportedInterfaceOrientations_iPad = "UIInterfaceOrientationPortrait UIInterfaceOrientationPortraitUpsideDown UIInterfaceOrientationLandscapeLeft UIInterfaceOrientationLandscapeRight";
				INFOPLIST_KEY_UISupportedInterfaceOrientations_iPhone = "UIInterfaceOrientationPortrait UIInterfaceOrientationLandscapeLeft UIInterfaceOrientationLandscapeRight";
				LD_RUNPATH_SEARCH_PATHS = (
					"$(inherited)",
					"@executable_path/Frameworks",
				);
				MARKETING_VERSION = 1.0;
				PRODUCT_BUNDLE_IDENTIFIER = demo.ImageLoadingDemo;
				PRODUCT_NAME = "$(TARGET_NAME)";
				SUPPORTED_PLATFORMS = "iphoneos iphonesimulator";
				SUPPORTS_MACCATALYST = NO;
				SUPPORTS_MAC_DESIGNED_FOR_IPHONE_IPAD = NO;
				SWIFT_EMIT_LOC_STRINGS = YES;
				SWIFT_VERSION = 5.0;
				TARGETED_DEVICE_FAMILY = 1;
			};
			name = Release;
		};
/* End XCBuildConfiguration section */

/* Begin XCConfigurationList section */
		9EAE6E102BCD49F200756427 /* Build configuration list for PBXProject "ImageLoadingDemo" */ = {
			isa = XCConfigurationList;
			buildConfigurations = (
				9EAE6E272BCD49F300756427 /* Debug */,
				9EAE6E282BCD49F300756427 /* Release */,
			);
			defaultConfigurationIsVisible = 0;
			defaultConfigurationName = Release;
		};
		9EAE6E292BCD49F300756427 /* Build configuration list for PBXNativeTarget "ImageLoadingDemo" */ = {
			isa = XCConfigurationList;
			buildConfigurations = (
				9EAE6E2A2BCD49F300756427 /* Debug */,
				9EAE6E2B2BCD49F300756427 /* Release */,
			);
			defaultConfigurationIsVisible = 0;
			defaultConfigurationName = Release;
		};
/* End XCConfigurationList section */
	};
	rootObject = 9EAE6E0D2BCD49F200756427 /* Project object */;
}
